// !$*UTF8*$!
{
	archiveVersion = 1;
	classes = {
	};
	objectVersion = 46;
	objects = {

/* Begin PBXBuildFile section */
		22AB0C071AB70EE10036C053 /* main.m in Sources */ = {isa = PBXBuildFile; fileRef = 22AB0C061AB70EE10036C053 /* main.m */; };
		22AB0C0A1AB70EE10036C053 /* AppDelegate.m in Sources */ = {isa = PBXBuildFile; fileRef = 22AB0C091AB70EE10036C053 /* AppDelegate.m */; };
		22AB0C0D1AB70EE10036C053 /* BLCViewController.m in Sources */ = {isa = PBXBuildFile; fileRef = 22AB0C0C1AB70EE10036C053 /* BLCViewController.m */; };
		22AB0C121AB70EE10036C053 /* Images.xcassets in Resources */ = {isa = PBXBuildFile; fileRef = 22AB0C111AB70EE10036C053 /* Images.xcassets */; };
		22AB0C151AB70EE10036C053 /* LaunchScreen.xib in Resources */ = {isa = PBXBuildFile; fileRef = 22AB0C131AB70EE10036C053 /* LaunchScreen.xib */; };
		22AB0C211AB70EE10036C053 /* AlcolatorTests.m in Sources */ = {isa = PBXBuildFile; fileRef = 22AB0C201AB70EE10036C053 /* AlcolatorTests.m */; };
		22CD0B3D1AB76F700071768B /* NOTES in Resources */ = {isa = PBXBuildFile; fileRef = 22CD0B3C1AB76F700071768B /* NOTES */; };
		22CD0B3F1AB837E80071768B /* NOTES-VIEWS in Resources */ = {isa = PBXBuildFile; fileRef = 22CD0B3E1AB837E80071768B /* NOTES-VIEWS */; };
		22CD0B721AB8A1B40071768B /* BLCWhiskeyViewController.m in Sources */ = {isa = PBXBuildFile; fileRef = 22CD0B711AB8A1B40071768B /* BLCWhiskeyViewController.m */; };
		22CD0B741AB9AD9D0071768B /* NOTES-NSLocalizedString in Resources */ = {isa = PBXBuildFile; fileRef = 22CD0B731AB9AD9D0071768B /* NOTES-NSLocalizedString */; };
		22CD0B761AB9DC620071768B /* NOTES-frames and bounds in Resources */ = {isa = PBXBuildFile; fileRef = 22CD0B751AB9DC620071768B /* NOTES-frames and bounds */; };
/* End PBXBuildFile section */

/* Begin PBXContainerItemProxy section */
		22AB0C1B1AB70EE10036C053 /* PBXContainerItemProxy */ = {
			isa = PBXContainerItemProxy;
			containerPortal = 22AB0BF91AB70EE10036C053 /* Project object */;
			proxyType = 1;
			remoteGlobalIDString = 22AB0C001AB70EE10036C053;
			remoteInfo = Alcolator;
		};
/* End PBXContainerItemProxy section */

/* Begin PBXFileReference section */
		22AB0C011AB70EE10036C053 /* Alcolator.app */ = {isa = PBXFileReference; explicitFileType = wrapper.application; includeInIndex = 0; path = Alcolator.app; sourceTree = BUILT_PRODUCTS_DIR; };
		22AB0C051AB70EE10036C053 /* Info.plist */ = {isa = PBXFileReference; lastKnownFileType = text.plist.xml; path = Info.plist; sourceTree = "<group>"; };
		22AB0C061AB70EE10036C053 /* main.m */ = {isa = PBXFileReference; lastKnownFileType = sourcecode.c.objc; path = main.m; sourceTree = "<group>"; };
		22AB0C081AB70EE10036C053 /* AppDelegate.h */ = {isa = PBXFileReference; lastKnownFileType = sourcecode.c.h; path = AppDelegate.h; sourceTree = "<group>"; };
		22AB0C091AB70EE10036C053 /* AppDelegate.m */ = {isa = PBXFileReference; lastKnownFileType = sourcecode.c.objc; path = AppDelegate.m; sourceTree = "<group>"; };
		22AB0C0B1AB70EE10036C053 /* BLCViewController.h */ = {isa = PBXFileReference; lastKnownFileType = sourcecode.c.h; path = BLCViewController.h; sourceTree = "<group>"; };
		22AB0C0C1AB70EE10036C053 /* BLCViewController.m */ = {isa = PBXFileReference; lastKnownFileType = sourcecode.c.objc; path = BLCViewController.m; sourceTree = "<group>"; };
		22AB0C111AB70EE10036C053 /* Images.xcassets */ = {isa = PBXFileReference; lastKnownFileType = folder.assetcatalog; path = Images.xcassets; sourceTree = "<group>"; };
		22AB0C141AB70EE10036C053 /* Base */ = {isa = PBXFileReference; lastKnownFileType = file.xib; name = Base; path = Base.lproj/LaunchScreen.xib; sourceTree = "<group>"; };
		22AB0C1A1AB70EE10036C053 /* AlcolatorTests.xctest */ = {isa = PBXFileReference; explicitFileType = wrapper.cfbundle; includeInIndex = 0; path = AlcolatorTests.xctest; sourceTree = BUILT_PRODUCTS_DIR; };
		22AB0C1F1AB70EE10036C053 /* Info.plist */ = {isa = PBXFileReference; lastKnownFileType = text.plist.xml; path = Info.plist; sourceTree = "<group>"; };
		22AB0C201AB70EE10036C053 /* AlcolatorTests.m */ = {isa = PBXFileReference; lastKnownFileType = sourcecode.c.objc; path = AlcolatorTests.m; sourceTree = "<group>"; };
		22CD0B3C1AB76F700071768B /* NOTES */ = {isa = PBXFileReference; fileEncoding = 4; lastKnownFileType = text; path = NOTES; sourceTree = "<group>"; };
		22CD0B3E1AB837E80071768B /* NOTES-VIEWS */ = {isa = PBXFileReference; fileEncoding = 4; lastKnownFileType = text; path = "NOTES-VIEWS"; sourceTree = "<group>"; };
		22CD0B701AB8A1B40071768B /* BLCWhiskeyViewController.h */ = {isa = PBXFileReference; fileEncoding = 4; lastKnownFileType = sourcecode.c.h; path = BLCWhiskeyViewController.h; sourceTree = "<group>"; };
		22CD0B711AB8A1B40071768B /* BLCWhiskeyViewController.m */ = {isa = PBXFileReference; fileEncoding = 4; lastKnownFileType = sourcecode.c.objc; path = BLCWhiskeyViewController.m; sourceTree = "<group>"; };
		22CD0B731AB9AD9D0071768B /* NOTES-NSLocalizedString */ = {isa = PBXFileReference; fileEncoding = 4; lastKnownFileType = text; path = "NOTES-NSLocalizedString"; sourceTree = "<group>"; };
		22CD0B751AB9DC620071768B /* NOTES-frames and bounds */ = {isa = PBXFileReference; fileEncoding = 4; lastKnownFileType = text; path = "NOTES-frames and bounds"; sourceTree = "<group>"; };
/* End PBXFileReference section */

/* Begin PBXFrameworksBuildPhase section */
		22AB0BFE1AB70EE10036C053 /* Frameworks */ = {
			isa = PBXFrameworksBuildPhase;
			buildActionMask = 2147483647;
			files = (
			);
			runOnlyForDeploymentPostprocessing = 0;
		};
		22AB0C171AB70EE10036C053 /* Frameworks */ = {
			isa = PBXFrameworksBuildPhase;
			buildActionMask = 2147483647;
			files = (
			);
			runOnlyForDeploymentPostprocessing = 0;
		};
/* End PBXFrameworksBuildPhase section */

/* Begin PBXGroup section */
		22AB0BF81AB70EE10036C053 = {
			isa = PBXGroup;
			children = (
				22AB0C031AB70EE10036C053 /* Alcolator */,
				22AB0C1D1AB70EE10036C053 /* AlcolatorTests */,
				22AB0C021AB70EE10036C053 /* Products */,
			);
			sourceTree = "<group>";
		};
		22AB0C021AB70EE10036C053 /* Products */ = {
			isa = PBXGroup;
			children = (
				22AB0C011AB70EE10036C053 /* Alcolator.app */,
				22AB0C1A1AB70EE10036C053 /* AlcolatorTests.xctest */,
			);
			name = Products;
			sourceTree = "<group>";
		};
		22AB0C031AB70EE10036C053 /* Alcolator */ = {
			isa = PBXGroup;
			children = (
				22AB0C081AB70EE10036C053 /* AppDelegate.h */,
				22AB0C091AB70EE10036C053 /* AppDelegate.m */,
				22AB0C0B1AB70EE10036C053 /* BLCViewController.h */,
				22AB0C0C1AB70EE10036C053 /* BLCViewController.m */,
				22AB0C111AB70EE10036C053 /* Images.xcassets */,
				22AB0C131AB70EE10036C053 /* LaunchScreen.xib */,
				22CD0B701AB8A1B40071768B /* BLCWhiskeyViewController.h */,
				22CD0B711AB8A1B40071768B /* BLCWhiskeyViewController.m */,
				22AB0C041AB70EE10036C053 /* Supporting Files */,
				22CD0B3C1AB76F700071768B /* NOTES */,
				22CD0B3E1AB837E80071768B /* NOTES-VIEWS */,
				22CD0B731AB9AD9D0071768B /* NOTES-NSLocalizedString */,
				22CD0B751AB9DC620071768B /* NOTES-frames and bounds */,
			);
			path = Alcolator;
			sourceTree = "<group>";
		};
		22AB0C041AB70EE10036C053 /* Supporting Files */ = {
			isa = PBXGroup;
			children = (
				22AB0C051AB70EE10036C053 /* Info.plist */,
				22AB0C061AB70EE10036C053 /* main.m */,
			);
			name = "Supporting Files";
			sourceTree = "<group>";
		};
		22AB0C1D1AB70EE10036C053 /* AlcolatorTests */ = {
			isa = PBXGroup;
			children = (
				22AB0C201AB70EE10036C053 /* AlcolatorTests.m */,
				22AB0C1E1AB70EE10036C053 /* Supporting Files */,
			);
			path = AlcolatorTests;
			sourceTree = "<group>";
		};
		22AB0C1E1AB70EE10036C053 /* Supporting Files */ = {
			isa = PBXGroup;
			children = (
				22AB0C1F1AB70EE10036C053 /* Info.plist */,
			);
			name = "Supporting Files";
			sourceTree = "<group>";
		};
/* End PBXGroup section */

/* Begin PBXNativeTarget section */
		22AB0C001AB70EE10036C053 /* Alcolator */ = {
			isa = PBXNativeTarget;
			buildConfigurationList = 22AB0C241AB70EE10036C053 /* Build configuration list for PBXNativeTarget "Alcolator" */;
			buildPhases = (
				22AB0BFD1AB70EE10036C053 /* Sources */,
				22AB0BFE1AB70EE10036C053 /* Frameworks */,
				22AB0BFF1AB70EE10036C053 /* Resources */,
			);
			buildRules = (
			);
			dependencies = (
			);
			name = Alcolator;
			productName = Alcolator;
			productReference = 22AB0C011AB70EE10036C053 /* Alcolator.app */;
			productType = "com.apple.product-type.application";
		};
		22AB0C191AB70EE10036C053 /* AlcolatorTests */ = {
			isa = PBXNativeTarget;
			buildConfigurationList = 22AB0C271AB70EE10036C053 /* Build configuration list for PBXNativeTarget "AlcolatorTests" */;
			buildPhases = (
				22AB0C161AB70EE10036C053 /* Sources */,
				22AB0C171AB70EE10036C053 /* Frameworks */,
				22AB0C181AB70EE10036C053 /* Resources */,
			);
			buildRules = (
			);
			dependencies = (
				22AB0C1C1AB70EE10036C053 /* PBXTargetDependency */,
			);
			name = AlcolatorTests;
			productName = AlcolatorTests;
			productReference = 22AB0C1A1AB70EE10036C053 /* AlcolatorTests.xctest */;
			productType = "com.apple.product-type.bundle.unit-test";
		};
/* End PBXNativeTarget section */

/* Begin PBXProject section */
		22AB0BF91AB70EE10036C053 /* Project object */ = {
			isa = PBXProject;
			attributes = {
				LastUpgradeCheck = 0620;
				ORGANIZATIONNAME = "Tim Pryor";
				TargetAttributes = {
					22AB0C001AB70EE10036C053 = {
						CreatedOnToolsVersion = 6.2;
					};
					22AB0C191AB70EE10036C053 = {
						CreatedOnToolsVersion = 6.2;
						TestTargetID = 22AB0C001AB70EE10036C053;
					};
				};
			};
			buildConfigurationList = 22AB0BFC1AB70EE10036C053 /* Build configuration list for PBXProject "Alcolator" */;
			compatibilityVersion = "Xcode 3.2";
			developmentRegion = English;
			hasScannedForEncodings = 0;
			knownRegions = (
				en,
				Base,
			);
			mainGroup = 22AB0BF81AB70EE10036C053;
			productRefGroup = 22AB0C021AB70EE10036C053 /* Products */;
			projectDirPath = "";
			projectRoot = "";
			targets = (
				22AB0C001AB70EE10036C053 /* Alcolator */,
				22AB0C191AB70EE10036C053 /* AlcolatorTests */,
			);
		};
/* End PBXProject section */

/* Begin PBXResourcesBuildPhase section */
		22AB0BFF1AB70EE10036C053 /* Resources */ = {
			isa = PBXResourcesBuildPhase;
			buildActionMask = 2147483647;
			files = (
				22CD0B741AB9AD9D0071768B /* NOTES-NSLocalizedString in Resources */,
				22CD0B761AB9DC620071768B /* NOTES-frames and bounds in Resources */,
				22AB0C151AB70EE10036C053 /* LaunchScreen.xib in Resources */,
				22CD0B3D1AB76F700071768B /* NOTES in Resources */,
				22AB0C121AB70EE10036C053 /* Images.xcassets in Resources */,
				22CD0B3F1AB837E80071768B /* NOTES-VIEWS in Resources */,
			);
			runOnlyForDeploymentPostprocessing = 0;
		};
		22AB0C181AB70EE10036C053 /* Resources */ = {
			isa = PBXResourcesBuildPhase;
			buildActionMask = 2147483647;
			files = (
			);
			runOnlyForDeploymentPostprocessing = 0;
		};
/* End PBXResourcesBuildPhase section */

/* Begin PBXSourcesBuildPhase section */
		22AB0BFD1AB70EE10036C053 /* Sources */ = {
			isa = PBXSourcesBuildPhase;
			buildActionMask = 2147483647;
			files = (
				22AB0C0D1AB70EE10036C053 /* BLCViewController.m in Sources */,
				22CD0B721AB8A1B40071768B /* BLCWhiskeyViewController.m in Sources */,
				22AB0C0A1AB70EE10036C053 /* AppDelegate.m in Sources */,
				22AB0C071AB70EE10036C053 /* main.m in Sources */,
			);
			runOnlyForDeploymentPostprocessing = 0;
		};
		22AB0C161AB70EE10036C053 /* Sources */ = {
			isa = PBXSourcesBuildPhase;
			buildActionMask = 2147483647;
			files = (
				22AB0C211AB70EE10036C053 /* AlcolatorTests.m in Sources */,
			);
			runOnlyForDeploymentPostprocessing = 0;
		};
/* End PBXSourcesBuildPhase section */

/* Begin PBXTargetDependency section */
		22AB0C1C1AB70EE10036C053 /* PBXTargetDependency */ = {
			isa = PBXTargetDependency;
			target = 22AB0C001AB70EE10036C053 /* Alcolator */;
			targetProxy = 22AB0C1B1AB70EE10036C053 /* PBXContainerItemProxy */;
		};
/* End PBXTargetDependency section */

/* Begin PBXVariantGroup section */
		22AB0C131AB70EE10036C053 /* LaunchScreen.xib */ = {
			isa = PBXVariantGroup;
			children = (
				22AB0C141AB70EE10036C053 /* Base */,
			);
			name = LaunchScreen.xib;
			sourceTree = "<group>";
		};
/* End PBXVariantGroup section */

/* Begin XCBuildConfiguration section */
		22AB0C221AB70EE10036C053 /* Debug */ = {
			isa = XCBuildConfiguration;
			buildSettings = {
				ALWAYS_SEARCH_USER_PATHS = NO;
				CLANG_CXX_LANGUAGE_STANDARD = "gnu++0x";
				CLANG_CXX_LIBRARY = "libc++";
				CLANG_ENABLE_MODULES = YES;
				CLANG_ENABLE_OBJC_ARC = YES;
				CLANG_WARN_BOOL_CONVERSION = YES;
				CLANG_WARN_CONSTANT_CONVERSION = YES;
				CLANG_WARN_DIRECT_OBJC_ISA_USAGE = YES_ERROR;
				CLANG_WARN_EMPTY_BODY = YES;
				CLANG_WARN_ENUM_CONVERSION = YES;
				CLANG_WARN_INT_CONVERSION = YES;
				CLANG_WARN_OBJC_ROOT_CLASS = YES_ERROR;
				CLANG_WARN_UNREACHABLE_CODE = YES;
				CLANG_WARN__DUPLICATE_METHOD_MATCH = YES;
				"CODE_SIGN_IDENTITY[sdk=iphoneos*]" = "iPhone Developer";
				COPY_PHASE_STRIP = NO;
				ENABLE_STRICT_OBJC_MSGSEND = YES;
				GCC_C_LANGUAGE_STANDARD = gnu99;
				GCC_DYNAMIC_NO_PIC = NO;
				GCC_OPTIMIZATION_LEVEL = 0;
				GCC_PREPROCESSOR_DEFINITIONS = (
					"DEBUG=1",
					"$(inherited)",
				);
				GCC_SYMBOLS_PRIVATE_EXTERN = NO;
				GCC_WARN_64_TO_32_BIT_CONVERSION = YES;
				GCC_WARN_ABOUT_RETURN_TYPE = YES_ERROR;
				GCC_WARN_UNDECLARED_SELECTOR = YES;
				GCC_WARN_UNINITIALIZED_AUTOS = YES_AGGRESSIVE;
				GCC_WARN_UNUSED_FUNCTION = YES;
				GCC_WARN_UNUSED_VARIABLE = YES;
				IPHONEOS_DEPLOYMENT_TARGET = 8.2;
				MTL_ENABLE_DEBUG_INFO = YES;
				ONLY_ACTIVE_ARCH = YES;
				SDKROOT = iphoneos;
			};
			name = Debug;
		};
		22AB0C231AB70EE10036C053 /* Release */ = {
			isa = XCBuildConfiguration;
			buildSettings = {
				ALWAYS_SEARCH_USER_PATHS = NO;
				CLANG_CXX_LANGUAGE_STANDARD = "gnu++0x";
				CLANG_CXX_LIBRARY = "libc++";
				CLANG_ENABLE_MODULES = YES;
				CLANG_ENABLE_OBJC_ARC = YES;
				CLANG_WARN_BOOL_CONVERSION = YES;
				CLANG_WARN_CONSTANT_CONVERSION = YES;
				CLANG_WARN_DIRECT_OBJC_ISA_USAGE = YES_ERROR;
				CLANG_WARN_EMPTY_BODY = YES;
				CLANG_WARN_ENUM_CONVERSION = YES;
				CLANG_WARN_INT_CONVERSION = YES;
				CLANG_WARN_OBJC_ROOT_CLASS = YES_ERROR;
				CLANG_WARN_UNREACHABLE_CODE = YES;
				CLANG_WARN__DUPLICATE_METHOD_MATCH = YES;
				"CODE_SIGN_IDENTITY[sdk=iphoneos*]" = "iPhone Developer";
				COPY_PHASE_STRIP = NO;
				ENABLE_NS_ASSERTIONS = NO;
				ENABLE_STRICT_OBJC_MSGSEND = YES;
				GCC_C_LANGUAGE_STANDARD = gnu99;
				GCC_WARN_64_TO_32_BIT_CONVERSION = YES;
				GCC_WARN_ABOUT_RETURN_TYPE = YES_ERROR;
				GCC_WARN_UNDECLARED_SELECTOR = YES;
				GCC_WARN_UNINITIALIZED_AUTOS = YES_AGGRESSIVE;
				GCC_WARN_UNUSED_FUNCTION = YES;
				GCC_WARN_UNUSED_VARIABLE = YES;
				IPHONEOS_DEPLOYMENT_TARGET = 8.2;
				MTL_ENABLE_DEBUG_INFO = NO;
				SDKROOT = iphoneos;
				VALIDATE_PRODUCT = YES;
			};
			name = Release;
		};
		22AB0C251AB70EE10036C053 /* Debug */ = {
			isa = XCBuildConfiguration;
			buildSettings = {
				ASSETCATALOG_COMPILER_APPICON_NAME = AppIcon;
				INFOPLIST_FILE = Alcolator/Info.plist;
				LD_RUNPATH_SEARCH_PATHS = "$(inherited) @executable_path/Frameworks";
				PRODUCT_NAME = "$(TARGET_NAME)";
				TARGETED_DEVICE_FAMILY = "1,2";
			};
			name = Debug;
		};
		22AB0C261AB70EE10036C053 /* Release */ = {
			isa = XCBuildConfiguration;
			buildSettings = {
				ASSETCATALOG_COMPILER_APPICON_NAME = AppIcon;
				INFOPLIST_FILE = Alcolator/Info.plist;
				LD_RUNPATH_SEARCH_PATHS = "$(inherited) @executable_path/Frameworks";
				PRODUCT_NAME = "$(TARGET_NAME)";
				TARGETED_DEVICE_FAMILY = "1,2";
			};
			name = Release;
		};
		22AB0C281AB70EE10036C053 /* Debug */ = {
			isa = XCBuildConfiguration;
			buildSettings = {
				BUNDLE_LOADER = "$(TEST_HOST)";
				FRAMEWORK_SEARCH_PATHS = (
					"$(SDKROOT)/Developer/Library/Frameworks",
					"$(inherited)",
				);
				GCC_PREPROCESSOR_DEFINITIONS = (
					"DEBUG=1",
					"$(inherited)",
				);
				INFOPLIST_FILE = AlcolatorTests/Info.plist;
				LD_RUNPATH_SEARCH_PATHS = "$(inherited) @executable_path/Frameworks @loader_path/Frameworks";
				PRODUCT_NAME = "$(TARGET_NAME)";
				TEST_HOST = "$(BUILT_PRODUCTS_DIR)/Alcolator.app/Alcolator";
			};
			name = Debug;
		};
		22AB0C291AB70EE10036C053 /* Release */ = {
			isa = XCBuildConfiguration;
			buildSettings = {
				BUNDLE_LOADER = "$(TEST_HOST)";
				FRAMEWORK_SEARCH_PATHS = (
					"$(SDKROOT)/Developer/Library/Frameworks",
					"$(inherited)",
				);
				INFOPLIST_FILE = AlcolatorTests/Info.plist;
				LD_RUNPATH_SEARCH_PATHS = "$(inherited) @executable_path/Frameworks @loader_path/Frameworks";
				PRODUCT_NAME = "$(TARGET_NAME)";
				TEST_HOST = "$(BUILT_PRODUCTS_DIR)/Alcolator.app/Alcolator";
			};
			name = Release;
		};
/* End XCBuildConfiguration section */

/* Begin XCConfigurationList section */
		22AB0BFC1AB70EE10036C053 /* Build configuration list for PBXProject "Alcolator" */ = {
			isa = XCConfigurationList;
			buildConfigurations = (
				22AB0C221AB70EE10036C053 /* Debug */,
				22AB0C231AB70EE10036C053 /* Release */,
			);
			defaultConfigurationIsVisible = 0;
			defaultConfigurationName = Release;
		};
		22AB0C241AB70EE10036C053 /* Build configuration list for PBXNativeTarget "Alcolator" */ = {
			isa = XCConfigurationList;
			buildConfigurations = (
				22AB0C251AB70EE10036C053 /* Debug */,
				22AB0C261AB70EE10036C053 /* Release */,
			);
			defaultConfigurationIsVisible = 0;
			defaultConfigurationName = Release;
		};
		22AB0C271AB70EE10036C053 /* Build configuration list for PBXNativeTarget "AlcolatorTests" */ = {
			isa = XCConfigurationList;
			buildConfigurations = (
				22AB0C281AB70EE10036C053 /* Debug */,
				22AB0C291AB70EE10036C053 /* Release */,
			);
			defaultConfigurationIsVisible = 0;
			defaultConfigurationName = Release;
		};
/* End XCConfigurationList section */
	};
	rootObject = 22AB0BF91AB70EE10036C053 /* Project object */;
}
